// !$*UTF8*$!
{
	archiveVersion = 1;
	classes = {
	};
	objectVersion = 46;
	objects = {

/* Begin PBXBuildFile section */
		96CDF37B1783DBD0003AA83F /* UIKit.framework in Frameworks */ = {isa = PBXBuildFile; fileRef = 96CDF37A1783DBD0003AA83F /* UIKit.framework */; };
		96CDF37D1783DBD0003AA83F /* Foundation.framework in Frameworks */ = {isa = PBXBuildFile; fileRef = 96CDF37C1783DBD0003AA83F /* Foundation.framework */; };
		96CDF37F1783DBD0003AA83F /* CoreGraphics.framework in Frameworks */ = {isa = PBXBuildFile; fileRef = 96CDF37E1783DBD0003AA83F /* CoreGraphics.framework */; };
		96CDF3A21783DBD0003AA83F /* SenTestingKit.framework in Frameworks */ = {isa = PBXBuildFile; fileRef = 96CDF3A11783DBD0003AA83F /* SenTestingKit.framework */; };
		96CDF3A31783DBD0003AA83F /* UIKit.framework in Frameworks */ = {isa = PBXBuildFile; fileRef = 96CDF37A1783DBD0003AA83F /* UIKit.framework */; };
		96CDF3A41783DBD0003AA83F /* Foundation.framework in Frameworks */ = {isa = PBXBuildFile; fileRef = 96CDF37C1783DBD0003AA83F /* Foundation.framework */; };
		96CDF3AC1783DBD0003AA83F /* InfoPlist.strings in Resources */ = {isa = PBXBuildFile; fileRef = 96CDF3AA1783DBD0003AA83F /* InfoPlist.strings */; };
		96CDF3AF1783DBD0003AA83F /* TumbleOnUtilsTests.m in Sources */ = {isa = PBXBuildFile; fileRef = 96CDF3AE1783DBD0003AA83F /* TumbleOnUtilsTests.m */; };
		96CDF3DF1783DD70003AA83F /* LICENSE.md in Resources */ = {isa = PBXBuildFile; fileRef = 96CDF3DC1783DD70003AA83F /* LICENSE.md */; };
		96CDF3E01783DD70003AA83F /* README.md in Resources */ = {isa = PBXBuildFile; fileRef = 96CDF3DD1783DD70003AA83F /* README.md */; };
		96CDF3E11783DD70003AA83F /* TumbleOnUtils.podspec in Resources */ = {isa = PBXBuildFile; fileRef = 96CDF3DE1783DD70003AA83F /* TumbleOnUtils.podspec */; };
		96CDF4AB1783F220003AA83F /* MessageUI.framework in Frameworks */ = {isa = PBXBuildFile; fileRef = 96CDF4A91783F21F003AA83F /* MessageUI.framework */; };
		96CDF4AC1783F220003AA83F /* QuartzCore.framework in Frameworks */ = {isa = PBXBuildFile; fileRef = 96CDF4AA1783F220003AA83F /* QuartzCore.framework */; };
		96CDF4AE1783F25A003AA83F /* MobileCoreServices.framework in Frameworks */ = {isa = PBXBuildFile; fileRef = 96CDF4AD1783F25A003AA83F /* MobileCoreServices.framework */; };
		96EDDB5D178782B600322C85 /* Foundation+TO.m in Sources */ = {isa = PBXBuildFile; fileRef = 96EDDB19178782B600322C85 /* Foundation+TO.m */; };
		96EDDB5E178782B600322C85 /* Foundation+TONilSafe.m in Sources */ = {isa = PBXBuildFile; fileRef = 96EDDB1B178782B600322C85 /* Foundation+TONilSafe.m */; };
		96EDDB5F178782B600322C85 /* NSCollections+TO.m in Sources */ = {isa = PBXBuildFile; fileRef = 96EDDB1D178782B600322C85 /* NSCollections+TO.m */; };
		96EDDB60178782B600322C85 /* TOGrid.m in Sources */ = {isa = PBXBuildFile; fileRef = 96EDDB1F178782B600322C85 /* TOGrid.m */; };
		96EDDB61178782B600322C85 /* TOLinkedList.m in Sources */ = {isa = PBXBuildFile; fileRef = 96EDDB21178782B600322C85 /* TOLinkedList.m */; };
		96EDDB62178782B600322C85 /* TOOperationManager.m in Sources */ = {isa = PBXBuildFile; fileRef = 96EDDB23178782B600322C85 /* TOOperationManager.m */; };
		96EDDB63178782B600322C85 /* TOWrappers.m in Sources */ = {isa = PBXBuildFile; fileRef = 96EDDB25178782B600322C85 /* TOWrappers.m */; };
		96EDDB64178782B600322C85 /* TOFileUtil.m in Sources */ = {isa = PBXBuildFile; fileRef = 96EDDB28178782B600322C85 /* TOFileUtil.m */; };
		96EDDB65178782B600322C85 /* TOSimpleImagePicker.m in Sources */ = {isa = PBXBuildFile; fileRef = 96EDDB2A178782B600322C85 /* TOSimpleImagePicker.m */; };
		96EDDB66178782B600322C85 /* TOSimpleMailer.m in Sources */ = {isa = PBXBuildFile; fileRef = 96EDDB2C178782B600322C85 /* TOSimpleMailer.m */; };
		96EDDB67178782B600322C85 /* UIImage+TO.m in Sources */ = {isa = PBXBuildFile; fileRef = 96EDDB2E178782B600322C85 /* UIImage+TO.m */; };
		96EDDB68178782B600322C85 /* TOFrameUtils.m in Sources */ = {isa = PBXBuildFile; fileRef = 96EDDB32178782B600322C85 /* TOFrameUtils.m */; };
		96EDDB69178782B600322C85 /* TOSimpleTableView.m in Sources */ = {isa = PBXBuildFile; fileRef = 96EDDB34178782B600322C85 /* TOSimpleTableView.m */; };
		96EDDB6A178782B600322C85 /* TOUIKeyboardListener.m in Sources */ = {isa = PBXBuildFile; fileRef = 96EDDB36178782B600322C85 /* TOUIKeyboardListener.m */; };
		96EDDB6B178782B600322C85 /* UIKit+TO.m in Sources */ = {isa = PBXBuildFile; fileRef = 96EDDB38178782B600322C85 /* UIKit+TO.m */; };
		96EDDB6C178782B600322C85 /* UIView+TOFrameUtils.m in Sources */ = {isa = PBXBuildFile; fileRef = 96EDDB3A178782B600322C85 /* UIView+TOFrameUtils.m */; };
		96EDDB6D178782B600322C85 /* UIViewController+TO.m in Sources */ = {isa = PBXBuildFile; fileRef = 96EDDB3C178782B600322C85 /* UIViewController+TO.m */; };
		96EDDB6E178782B600322C85 /* UIWebView+TOClean.m in Sources */ = {isa = PBXBuildFile; fileRef = 96EDDB3E178782B600322C85 /* UIWebView+TOClean.m */; };
		96EDDB6F178782B600322C85 /* TOBorderView.m in Sources */ = {isa = PBXBuildFile; fileRef = 96EDDB41178782B600322C85 /* TOBorderView.m */; };
		96EDDB70178782B600322C85 /* TOCurrencyTextField.m in Sources */ = {isa = PBXBuildFile; fileRef = 96EDDB43178782B600322C85 /* TOCurrencyTextField.m */; };
		96EDDB71178782B600322C85 /* TODatePickerViewController.m in Sources */ = {isa = PBXBuildFile; fileRef = 96EDDB45178782B600322C85 /* TODatePickerViewController.m */; };
		96EDDB72178782B600322C85 /* TODatePickerViewController.xib in Resources */ = {isa = PBXBuildFile; fileRef = 96EDDB46178782B600322C85 /* TODatePickerViewController.xib */; };
		96EDDB73178782B600322C85 /* TOListPickAddViewController.m in Sources */ = {isa = PBXBuildFile; fileRef = 96EDDB48178782B600322C85 /* TOListPickAddViewController.m */; };
		96EDDB74178782B600322C85 /* TOListPickAddViewController.xib in Resources */ = {isa = PBXBuildFile; fileRef = 96EDDB49178782B600322C85 /* TOListPickAddViewController.xib */; };
		96EDDB75178782B600322C85 /* TOListPickerViewController.m in Sources */ = {isa = PBXBuildFile; fileRef = 96EDDB4B178782B600322C85 /* TOListPickerViewController.m */; };
		96EDDB76178782B600322C85 /* TOListPickerViewController.xib in Resources */ = {isa = PBXBuildFile; fileRef = 96EDDB4C178782B600322C85 /* TOListPickerViewController.xib */; };
		96EDDB77178782B600322C85 /* TOTouchDelegatorView.m in Sources */ = {isa = PBXBuildFile; fileRef = 96EDDB4E178782B600322C85 /* TOTouchDelegatorView.m */; };
		96EDDB78178782B600322C85 /* UIKit+TOFlashing.m in Sources */ = {isa = PBXBuildFile; fileRef = 96EDDB50178782B600322C85 /* UIKit+TOFlashing.m */; };
		96EDDB79178782B600322C85 /* TOOperationManagerExample.m in Sources */ = {isa = PBXBuildFile; fileRef = 96EDDB53178782B600322C85 /* TOOperationManagerExample.m */; };
		96EDDB7A178782B600322C85 /* TOSampleAppDelegate.m in Sources */ = {isa = PBXBuildFile; fileRef = 96EDDB55178782B600322C85 /* TOSampleAppDelegate.m */; };
		96EDDB7C178782B600322C85 /* TOSample-main.m in Sources */ = {isa = PBXBuildFile; fileRef = 96EDDB58178782B600322C85 /* TOSample-main.m */; };
		96EDDB7D178782B600322C85 /* TOSimpleTableViewExample.m in Sources */ = {isa = PBXBuildFile; fileRef = 96EDDB5A178782B600322C85 /* TOSimpleTableViewExample.m */; };
		96EDDB7E178782B600322C85 /* TumbleOnUtils-Info.plist in Resources */ = {isa = PBXBuildFile; fileRef = 96EDDB5B178782B600322C85 /* TumbleOnUtils-Info.plist */; };
		96EDDB7F178782D600322C85 /* Foundation+TO.m in Sources */ = {isa = PBXBuildFile; fileRef = 96EDDB19178782B600322C85 /* Foundation+TO.m */; };
		96EDDB80178782DE00322C85 /* Foundation+TONilSafe.m in Sources */ = {isa = PBXBuildFile; fileRef = 96EDDB1B178782B600322C85 /* Foundation+TONilSafe.m */; };
		96EDDB81178782DE00322C85 /* NSCollections+TO.m in Sources */ = {isa = PBXBuildFile; fileRef = 96EDDB1D178782B600322C85 /* NSCollections+TO.m */; };
		96EDDB82178782DE00322C85 /* TOGrid.m in Sources */ = {isa = PBXBuildFile; fileRef = 96EDDB1F178782B600322C85 /* TOGrid.m */; };
		96EDDB83178782DE00322C85 /* TOLinkedList.m in Sources */ = {isa = PBXBuildFile; fileRef = 96EDDB21178782B600322C85 /* TOLinkedList.m */; };
		96EDDB84178782DE00322C85 /* TOOperationManager.m in Sources */ = {isa = PBXBuildFile; fileRef = 96EDDB23178782B600322C85 /* TOOperationManager.m */; };
		96EDDB85178782DE00322C85 /* TOWrappers.m in Sources */ = {isa = PBXBuildFile; fileRef = 96EDDB25178782B600322C85 /* TOWrappers.m */; };
		96EDDB86178782E600322C85 /* TOFileUtil.m in Sources */ = {isa = PBXBuildFile; fileRef = 96EDDB28178782B600322C85 /* TOFileUtil.m */; };
		96EDDB87178782E600322C85 /* TOSimpleImagePicker.m in Sources */ = {isa = PBXBuildFile; fileRef = 96EDDB2A178782B600322C85 /* TOSimpleImagePicker.m */; };
		96EDDB88178782E600322C85 /* TOSimpleMailer.m in Sources */ = {isa = PBXBuildFile; fileRef = 96EDDB2C178782B600322C85 /* TOSimpleMailer.m */; };
		96EDDB89178782E600322C85 /* UIImage+TO.m in Sources */ = {isa = PBXBuildFile; fileRef = 96EDDB2E178782B600322C85 /* UIImage+TO.m */; };
		96EDDB8A178782F300322C85 /* TOFrameUtils.m in Sources */ = {isa = PBXBuildFile; fileRef = 96EDDB32178782B600322C85 /* TOFrameUtils.m */; };
		96EDDB8B178782F300322C85 /* TOSimpleTableView.m in Sources */ = {isa = PBXBuildFile; fileRef = 96EDDB34178782B600322C85 /* TOSimpleTableView.m */; };
		96EDDB8C178782F300322C85 /* TOUIKeyboardListener.m in Sources */ = {isa = PBXBuildFile; fileRef = 96EDDB36178782B600322C85 /* TOUIKeyboardListener.m */; };
		96EDDB8D178782F300322C85 /* UIKit+TO.m in Sources */ = {isa = PBXBuildFile; fileRef = 96EDDB38178782B600322C85 /* UIKit+TO.m */; };
		96EDDB8E178782F300322C85 /* UIView+TOFrameUtils.m in Sources */ = {isa = PBXBuildFile; fileRef = 96EDDB3A178782B600322C85 /* UIView+TOFrameUtils.m */; };
		96EDDB8F178782F300322C85 /* UIViewController+TO.m in Sources */ = {isa = PBXBuildFile; fileRef = 96EDDB3C178782B600322C85 /* UIViewController+TO.m */; };
		96EDDB90178782F300322C85 /* UIWebView+TOClean.m in Sources */ = {isa = PBXBuildFile; fileRef = 96EDDB3E178782B600322C85 /* UIWebView+TOClean.m */; };
		96EDDB911787830200322C85 /* TOBorderView.m in Sources */ = {isa = PBXBuildFile; fileRef = 96EDDB41178782B600322C85 /* TOBorderView.m */; };
		96EDDB921787830200322C85 /* TOCurrencyTextField.m in Sources */ = {isa = PBXBuildFile; fileRef = 96EDDB43178782B600322C85 /* TOCurrencyTextField.m */; };
		96EDDB931787830200322C85 /* TODatePickerViewController.m in Sources */ = {isa = PBXBuildFile; fileRef = 96EDDB45178782B600322C85 /* TODatePickerViewController.m */; };
		96EDDB941787830200322C85 /* TODatePickerViewController.xib in Resources */ = {isa = PBXBuildFile; fileRef = 96EDDB46178782B600322C85 /* TODatePickerViewController.xib */; };
		96EDDB951787830200322C85 /* TOListPickAddViewController.m in Sources */ = {isa = PBXBuildFile; fileRef = 96EDDB48178782B600322C85 /* TOListPickAddViewController.m */; };
		96EDDB961787830200322C85 /* TOListPickAddViewController.xib in Resources */ = {isa = PBXBuildFile; fileRef = 96EDDB49178782B600322C85 /* TOListPickAddViewController.xib */; };
		96EDDB971787830200322C85 /* TOListPickerViewController.m in Sources */ = {isa = PBXBuildFile; fileRef = 96EDDB4B178782B600322C85 /* TOListPickerViewController.m */; };
		96EDDB981787830200322C85 /* TOListPickerViewController.xib in Resources */ = {isa = PBXBuildFile; fileRef = 96EDDB4C178782B600322C85 /* TOListPickerViewController.xib */; };
		96EDDB991787830200322C85 /* TOTouchDelegatorView.m in Sources */ = {isa = PBXBuildFile; fileRef = 96EDDB4E178782B600322C85 /* TOTouchDelegatorView.m */; };
		96EDDB9A1787830200322C85 /* UIKit+TOFlashing.m in Sources */ = {isa = PBXBuildFile; fileRef = 96EDDB50178782B600322C85 /* UIKit+TOFlashing.m */; };
		96EDDB9D1787844300322C85 /* TOSampleViewController.m in Sources */ = {isa = PBXBuildFile; fileRef = 96EDDB9C1787844300322C85 /* TOSampleViewController.m */; };
		96EDDBA2178797F300322C85 /* TOClassUtil.m in Sources */ = {isa = PBXBuildFile; fileRef = 96EDDBA1178797F200322C85 /* TOClassUtil.m */; };
		96EDDBA3178797F300322C85 /* TOClassUtil.m in Sources */ = {isa = PBXBuildFile; fileRef = 96EDDBA1178797F200322C85 /* TOClassUtil.m */; };
		96EDDBA61787A4A500322C85 /* TOWidgetExampleViewController.m in Sources */ = {isa = PBXBuildFile; fileRef = 96EDDBA51787A4A400322C85 /* TOWidgetExampleViewController.m */; };
		96EDDBA71787A4A500322C85 /* TOWidgetExampleViewController.m in Sources */ = {isa = PBXBuildFile; fileRef = 96EDDBA51787A4A400322C85 /* TOWidgetExampleViewController.m */; };
		96EDDBAA1787A91E00322C85 /* TOWidgetDemoViewController.m in Sources */ = {isa = PBXBuildFile; fileRef = 96EDDBA91787A91E00322C85 /* TOWidgetDemoViewController.m */; };
		96EDDBAB1787A91E00322C85 /* TOWidgetDemoViewController.m in Sources */ = {isa = PBXBuildFile; fileRef = 96EDDBA91787A91E00322C85 /* TOWidgetDemoViewController.m */; };
/* End PBXBuildFile section */

/* Begin PBXContainerItemProxy section */
		96CDF3A51783DBD0003AA83F /* PBXContainerItemProxy */ = {
			isa = PBXContainerItemProxy;
			containerPortal = 96CDF36F1783DBD0003AA83F /* Project object */;
			proxyType = 1;
			remoteGlobalIDString = 96CDF3761783DBD0003AA83F;
			remoteInfo = TumbleOnUtils;
		};
/* End PBXContainerItemProxy section */

/* Begin PBXFileReference section */
		96CDF3771783DBD0003AA83F /* TumbleOnUtilsDemo.app */ = {isa = PBXFileReference; explicitFileType = wrapper.application; includeInIndex = 0; path = TumbleOnUtilsDemo.app; sourceTree = BUILT_PRODUCTS_DIR; };
		96CDF37A1783DBD0003AA83F /* UIKit.framework */ = {isa = PBXFileReference; lastKnownFileType = wrapper.framework; name = UIKit.framework; path = System/Library/Frameworks/UIKit.framework; sourceTree = SDKROOT; };
		96CDF37C1783DBD0003AA83F /* Foundation.framework */ = {isa = PBXFileReference; lastKnownFileType = wrapper.framework; name = Foundation.framework; path = System/Library/Frameworks/Foundation.framework; sourceTree = SDKROOT; };
		96CDF37E1783DBD0003AA83F /* CoreGraphics.framework */ = {isa = PBXFileReference; lastKnownFileType = wrapper.framework; name = CoreGraphics.framework; path = System/Library/Frameworks/CoreGraphics.framework; sourceTree = SDKROOT; };
		96CDF3A01783DBD0003AA83F /* TumbleOnUtilsTests.octest */ = {isa = PBXFileReference; explicitFileType = wrapper.cfbundle; includeInIndex = 0; path = TumbleOnUtilsTests.octest; sourceTree = BUILT_PRODUCTS_DIR; };
		96CDF3A11783DBD0003AA83F /* SenTestingKit.framework */ = {isa = PBXFileReference; lastKnownFileType = wrapper.framework; name = SenTestingKit.framework; path = Library/Frameworks/SenTestingKit.framework; sourceTree = DEVELOPER_DIR; };
		96CDF3A91783DBD0003AA83F /* TumbleOnUtilsTests-Info.plist */ = {isa = PBXFileReference; lastKnownFileType = text.plist.xml; name = "TumbleOnUtilsTests-Info.plist"; path = "TumbleOnUtilsTests/TumbleOnUtilsTests-Info.plist"; sourceTree = SOURCE_ROOT; };
		96CDF3AB1783DBD0003AA83F /* en */ = {isa = PBXFileReference; lastKnownFileType = text.plist.strings; name = en; path = en.lproj/InfoPlist.strings; sourceTree = "<group>"; };
		96CDF3AD1783DBD0003AA83F /* TumbleOnUtilsTests.h */ = {isa = PBXFileReference; lastKnownFileType = sourcecode.c.h; path = TumbleOnUtilsTests.h; sourceTree = "<group>"; };
		96CDF3AE1783DBD0003AA83F /* TumbleOnUtilsTests.m */ = {isa = PBXFileReference; lastKnownFileType = sourcecode.c.objc; path = TumbleOnUtilsTests.m; sourceTree = "<group>"; };
		96CDF3DC1783DD70003AA83F /* LICENSE.md */ = {isa = PBXFileReference; fileEncoding = 4; lastKnownFileType = text; path = LICENSE.md; sourceTree = SOURCE_ROOT; };
		96CDF3DD1783DD70003AA83F /* README.md */ = {isa = PBXFileReference; fileEncoding = 4; lastKnownFileType = text; path = README.md; sourceTree = SOURCE_ROOT; };
		96CDF3DE1783DD70003AA83F /* TumbleOnUtils.podspec */ = {isa = PBXFileReference; fileEncoding = 4; lastKnownFileType = text; path = TumbleOnUtils.podspec; sourceTree = SOURCE_ROOT; };
		96CDF4A91783F21F003AA83F /* MessageUI.framework */ = {isa = PBXFileReference; lastKnownFileType = wrapper.framework; name = MessageUI.framework; path = System/Library/Frameworks/MessageUI.framework; sourceTree = SDKROOT; };
		96CDF4AA1783F220003AA83F /* QuartzCore.framework */ = {isa = PBXFileReference; lastKnownFileType = wrapper.framework; name = QuartzCore.framework; path = System/Library/Frameworks/QuartzCore.framework; sourceTree = SDKROOT; };
		96CDF4AD1783F25A003AA83F /* MobileCoreServices.framework */ = {isa = PBXFileReference; lastKnownFileType = wrapper.framework; name = MobileCoreServices.framework; path = System/Library/Frameworks/MobileCoreServices.framework; sourceTree = SDKROOT; };
		96EDDB18178782B600322C85 /* Foundation+TO.h */ = {isa = PBXFileReference; fileEncoding = 4; lastKnownFileType = sourcecode.c.h; path = "Foundation+TO.h"; sourceTree = "<group>"; };
		96EDDB19178782B600322C85 /* Foundation+TO.m */ = {isa = PBXFileReference; fileEncoding = 4; lastKnownFileType = sourcecode.c.objc; path = "Foundation+TO.m"; sourceTree = "<group>"; };
		96EDDB1A178782B600322C85 /* Foundation+TONilSafe.h */ = {isa = PBXFileReference; fileEncoding = 4; lastKnownFileType = sourcecode.c.h; path = "Foundation+TONilSafe.h"; sourceTree = "<group>"; };
		96EDDB1B178782B600322C85 /* Foundation+TONilSafe.m */ = {isa = PBXFileReference; fileEncoding = 4; lastKnownFileType = sourcecode.c.objc; path = "Foundation+TONilSafe.m"; sourceTree = "<group>"; };
		96EDDB1C178782B600322C85 /* NSCollections+TO.h */ = {isa = PBXFileReference; fileEncoding = 4; lastKnownFileType = sourcecode.c.h; path = "NSCollections+TO.h"; sourceTree = "<group>"; };
		96EDDB1D178782B600322C85 /* NSCollections+TO.m */ = {isa = PBXFileReference; fileEncoding = 4; lastKnownFileType = sourcecode.c.objc; path = "NSCollections+TO.m"; sourceTree = "<group>"; };
		96EDDB1E178782B600322C85 /* TOGrid.h */ = {isa = PBXFileReference; fileEncoding = 4; lastKnownFileType = sourcecode.c.h; path = TOGrid.h; sourceTree = "<group>"; };
		96EDDB1F178782B600322C85 /* TOGrid.m */ = {isa = PBXFileReference; fileEncoding = 4; lastKnownFileType = sourcecode.c.objc; path = TOGrid.m; sourceTree = "<group>"; };
		96EDDB20178782B600322C85 /* TOLinkedList.h */ = {isa = PBXFileReference; fileEncoding = 4; lastKnownFileType = sourcecode.c.h; path = TOLinkedList.h; sourceTree = "<group>"; };
		96EDDB21178782B600322C85 /* TOLinkedList.m */ = {isa = PBXFileReference; fileEncoding = 4; lastKnownFileType = sourcecode.c.objc; path = TOLinkedList.m; sourceTree = "<group>"; };
		96EDDB22178782B600322C85 /* TOOperationManager.h */ = {isa = PBXFileReference; fileEncoding = 4; lastKnownFileType = sourcecode.c.h; path = TOOperationManager.h; sourceTree = "<group>"; };
		96EDDB23178782B600322C85 /* TOOperationManager.m */ = {isa = PBXFileReference; fileEncoding = 4; lastKnownFileType = sourcecode.c.objc; path = TOOperationManager.m; sourceTree = "<group>"; };
		96EDDB24178782B600322C85 /* TOWrappers.h */ = {isa = PBXFileReference; fileEncoding = 4; lastKnownFileType = sourcecode.c.h; path = TOWrappers.h; sourceTree = "<group>"; };
		96EDDB25178782B600322C85 /* TOWrappers.m */ = {isa = PBXFileReference; fileEncoding = 4; lastKnownFileType = sourcecode.c.objc; path = TOWrappers.m; sourceTree = "<group>"; };
		96EDDB27178782B600322C85 /* TOFileUtil.h */ = {isa = PBXFileReference; fileEncoding = 4; lastKnownFileType = sourcecode.c.h; path = TOFileUtil.h; sourceTree = "<group>"; };
		96EDDB28178782B600322C85 /* TOFileUtil.m */ = {isa = PBXFileReference; fileEncoding = 4; lastKnownFileType = sourcecode.c.objc; path = TOFileUtil.m; sourceTree = "<group>"; };
		96EDDB29178782B600322C85 /* TOSimpleImagePicker.h */ = {isa = PBXFileReference; fileEncoding = 4; lastKnownFileType = sourcecode.c.h; path = TOSimpleImagePicker.h; sourceTree = "<group>"; };
		96EDDB2A178782B600322C85 /* TOSimpleImagePicker.m */ = {isa = PBXFileReference; fileEncoding = 4; lastKnownFileType = sourcecode.c.objc; path = TOSimpleImagePicker.m; sourceTree = "<group>"; };
		96EDDB2B178782B600322C85 /* TOSimpleMailer.h */ = {isa = PBXFileReference; fileEncoding = 4; lastKnownFileType = sourcecode.c.h; path = TOSimpleMailer.h; sourceTree = "<group>"; };
		96EDDB2C178782B600322C85 /* TOSimpleMailer.m */ = {isa = PBXFileReference; fileEncoding = 4; lastKnownFileType = sourcecode.c.objc; path = TOSimpleMailer.m; sourceTree = "<group>"; };
		96EDDB2D178782B600322C85 /* UIImage+TO.h */ = {isa = PBXFileReference; fileEncoding = 4; lastKnownFileType = sourcecode.c.h; path = "UIImage+TO.h"; sourceTree = "<group>"; };
		96EDDB2E178782B600322C85 /* UIImage+TO.m */ = {isa = PBXFileReference; fileEncoding = 4; lastKnownFileType = sourcecode.c.objc; path = "UIImage+TO.m"; sourceTree = "<group>"; };
		96EDDB2F178782B600322C85 /* TumbleOnUtils.h */ = {isa = PBXFileReference; fileEncoding = 4; lastKnownFileType = sourcecode.c.h; path = TumbleOnUtils.h; sourceTree = "<group>"; };
		96EDDB31178782B600322C85 /* TOFrameUtils.h */ = {isa = PBXFileReference; fileEncoding = 4; lastKnownFileType = sourcecode.c.h; path = TOFrameUtils.h; sourceTree = "<group>"; };
		96EDDB32178782B600322C85 /* TOFrameUtils.m */ = {isa = PBXFileReference; fileEncoding = 4; lastKnownFileType = sourcecode.c.objc; path = TOFrameUtils.m; sourceTree = "<group>"; };
		96EDDB33178782B600322C85 /* TOSimpleTableView.h */ = {isa = PBXFileReference; fileEncoding = 4; lastKnownFileType = sourcecode.c.h; path = TOSimpleTableView.h; sourceTree = "<group>"; };
		96EDDB34178782B600322C85 /* TOSimpleTableView.m */ = {isa = PBXFileReference; fileEncoding = 4; lastKnownFileType = sourcecode.c.objc; path = TOSimpleTableView.m; sourceTree = "<group>"; };
		96EDDB35178782B600322C85 /* TOUIKeyboardListener.h */ = {isa = PBXFileReference; fileEncoding = 4; lastKnownFileType = sourcecode.c.h; path = TOUIKeyboardListener.h; sourceTree = "<group>"; };
		96EDDB36178782B600322C85 /* TOUIKeyboardListener.m */ = {isa = PBXFileReference; fileEncoding = 4; lastKnownFileType = sourcecode.c.objc; path = TOUIKeyboardListener.m; sourceTree = "<group>"; };
		96EDDB37178782B600322C85 /* UIKit+TO.h */ = {isa = PBXFileReference; fileEncoding = 4; lastKnownFileType = sourcecode.c.h; path = "UIKit+TO.h"; sourceTree = "<group>"; };
		96EDDB38178782B600322C85 /* UIKit+TO.m */ = {isa = PBXFileReference; fileEncoding = 4; lastKnownFileType = sourcecode.c.objc; path = "UIKit+TO.m"; sourceTree = "<group>"; };
		96EDDB39178782B600322C85 /* UIView+TOFrameUtils.h */ = {isa = PBXFileReference; fileEncoding = 4; lastKnownFileType = sourcecode.c.h; path = "UIView+TOFrameUtils.h"; sourceTree = "<group>"; };
		96EDDB3A178782B600322C85 /* UIView+TOFrameUtils.m */ = {isa = PBXFileReference; fileEncoding = 4; lastKnownFileType = sourcecode.c.objc; path = "UIView+TOFrameUtils.m"; sourceTree = "<group>"; };
		96EDDB3B178782B600322C85 /* UIViewController+TO.h */ = {isa = PBXFileReference; fileEncoding = 4; lastKnownFileType = sourcecode.c.h; path = "UIViewController+TO.h"; sourceTree = "<group>"; };
		96EDDB3C178782B600322C85 /* UIViewController+TO.m */ = {isa = PBXFileReference; fileEncoding = 4; lastKnownFileType = sourcecode.c.objc; path = "UIViewController+TO.m"; sourceTree = "<group>"; };
		96EDDB3D178782B600322C85 /* UIWebView+TOClean.h */ = {isa = PBXFileReference; fileEncoding = 4; lastKnownFileType = sourcecode.c.h; path = "UIWebView+TOClean.h"; sourceTree = "<group>"; };
		96EDDB3E178782B600322C85 /* UIWebView+TOClean.m */ = {isa = PBXFileReference; fileEncoding = 4; lastKnownFileType = sourcecode.c.objc; path = "UIWebView+TOClean.m"; sourceTree = "<group>"; };
		96EDDB40178782B600322C85 /* TOBorderView.h */ = {isa = PBXFileReference; fileEncoding = 4; lastKnownFileType = sourcecode.c.h; path = TOBorderView.h; sourceTree = "<group>"; };
		96EDDB41178782B600322C85 /* TOBorderView.m */ = {isa = PBXFileReference; fileEncoding = 4; lastKnownFileType = sourcecode.c.objc; path = TOBorderView.m; sourceTree = "<group>"; };
		96EDDB42178782B600322C85 /* TOCurrencyTextField.h */ = {isa = PBXFileReference; fileEncoding = 4; lastKnownFileType = sourcecode.c.h; path = TOCurrencyTextField.h; sourceTree = "<group>"; };
		96EDDB43178782B600322C85 /* TOCurrencyTextField.m */ = {isa = PBXFileReference; fileEncoding = 4; lastKnownFileType = sourcecode.c.objc; path = TOCurrencyTextField.m; sourceTree = "<group>"; };
		96EDDB44178782B600322C85 /* TODatePickerViewController.h */ = {isa = PBXFileReference; fileEncoding = 4; lastKnownFileType = sourcecode.c.h; path = TODatePickerViewController.h; sourceTree = "<group>"; };
		96EDDB45178782B600322C85 /* TODatePickerViewController.m */ = {isa = PBXFileReference; fileEncoding = 4; lastKnownFileType = sourcecode.c.objc; path = TODatePickerViewController.m; sourceTree = "<group>"; };
		96EDDB46178782B600322C85 /* TODatePickerViewController.xib */ = {isa = PBXFileReference; fileEncoding = 4; lastKnownFileType = file.xib; path = TODatePickerViewController.xib; sourceTree = "<group>"; };
		96EDDB47178782B600322C85 /* TOListPickAddViewController.h */ = {isa = PBXFileReference; fileEncoding = 4; lastKnownFileType = sourcecode.c.h; path = TOListPickAddViewController.h; sourceTree = "<group>"; };
		96EDDB48178782B600322C85 /* TOListPickAddViewController.m */ = {isa = PBXFileReference; fileEncoding = 4; lastKnownFileType = sourcecode.c.objc; path = TOListPickAddViewController.m; sourceTree = "<group>"; };
		96EDDB49178782B600322C85 /* TOListPickAddViewController.xib */ = {isa = PBXFileReference; fileEncoding = 4; lastKnownFileType = file.xib; path = TOListPickAddViewController.xib; sourceTree = "<group>"; };
		96EDDB4A178782B600322C85 /* TOListPickerViewController.h */ = {isa = PBXFileReference; fileEncoding = 4; lastKnownFileType = sourcecode.c.h; path = TOListPickerViewController.h; sourceTree = "<group>"; };
		96EDDB4B178782B600322C85 /* TOListPickerViewController.m */ = {isa = PBXFileReference; fileEncoding = 4; lastKnownFileType = sourcecode.c.objc; path = TOListPickerViewController.m; sourceTree = "<group>"; };
		96EDDB4C178782B600322C85 /* TOListPickerViewController.xib */ = {isa = PBXFileReference; fileEncoding = 4; lastKnownFileType = file.xib; path = TOListPickerViewController.xib; sourceTree = "<group>"; };
		96EDDB4D178782B600322C85 /* TOTouchDelegatorView.h */ = {isa = PBXFileReference; fileEncoding = 4; lastKnownFileType = sourcecode.c.h; path = TOTouchDelegatorView.h; sourceTree = "<group>"; };
		96EDDB4E178782B600322C85 /* TOTouchDelegatorView.m */ = {isa = PBXFileReference; fileEncoding = 4; lastKnownFileType = sourcecode.c.objc; path = TOTouchDelegatorView.m; sourceTree = "<group>"; };
		96EDDB4F178782B600322C85 /* UIKit+TOFlashing.h */ = {isa = PBXFileReference; fileEncoding = 4; lastKnownFileType = sourcecode.c.h; path = "UIKit+TOFlashing.h"; sourceTree = "<group>"; };
		96EDDB50178782B600322C85 /* UIKit+TOFlashing.m */ = {isa = PBXFileReference; fileEncoding = 4; lastKnownFileType = sourcecode.c.objc; path = "UIKit+TOFlashing.m"; sourceTree = "<group>"; };
		96EDDB52178782B600322C85 /* TOOperationManagerExample.h */ = {isa = PBXFileReference; fileEncoding = 4; lastKnownFileType = sourcecode.c.h; path = TOOperationManagerExample.h; sourceTree = "<group>"; };
		96EDDB53178782B600322C85 /* TOOperationManagerExample.m */ = {isa = PBXFileReference; fileEncoding = 4; lastKnownFileType = sourcecode.c.objc; path = TOOperationManagerExample.m; sourceTree = "<group>"; };
		96EDDB54178782B600322C85 /* TOSampleAppDelegate.h */ = {isa = PBXFileReference; fileEncoding = 4; lastKnownFileType = sourcecode.c.h; name = TOSampleAppDelegate.h; path = TumbleOnUtilsDemo/TOSampleAppDelegate.h; sourceTree = SOURCE_ROOT; };
		96EDDB55178782B600322C85 /* TOSampleAppDelegate.m */ = {isa = PBXFileReference; fileEncoding = 4; lastKnownFileType = sourcecode.c.objc; name = TOSampleAppDelegate.m; path = TumbleOnUtilsDemo/TOSampleAppDelegate.m; sourceTree = SOURCE_ROOT; };
		96EDDB58178782B600322C85 /* TOSample-main.m */ = {isa = PBXFileReference; fileEncoding = 4; lastKnownFileType = sourcecode.c.objc; name = "TOSample-main.m"; path = "TumbleOnUtilsDemo/TOSample-main.m"; sourceTree = SOURCE_ROOT; };
		96EDDB59178782B600322C85 /* TOSimpleTableViewExample.h */ = {isa = PBXFileReference; fileEncoding = 4; lastKnownFileType = sourcecode.c.h; path = TOSimpleTableViewExample.h; sourceTree = "<group>"; };
		96EDDB5A178782B600322C85 /* TOSimpleTableViewExample.m */ = {isa = PBXFileReference; fileEncoding = 4; lastKnownFileType = sourcecode.c.objc; path = TOSimpleTableViewExample.m; sourceTree = "<group>"; };
		96EDDB5B178782B600322C85 /* TumbleOnUtils-Info.plist */ = {isa = PBXFileReference; fileEncoding = 4; lastKnownFileType = text.plist.xml; name = "TumbleOnUtils-Info.plist"; path = "TumbleOnUtilsDemo/TumbleOnUtils-Info.plist"; sourceTree = SOURCE_ROOT; };
		96EDDB5C178782B600322C85 /* TumbleOnUtils-Prefix.pch */ = {isa = PBXFileReference; fileEncoding = 4; lastKnownFileType = sourcecode.c.h; name = "TumbleOnUtils-Prefix.pch"; path = "TumbleOnUtilsDemo/TumbleOnUtils-Prefix.pch"; sourceTree = SOURCE_ROOT; };
		96EDDB9B1787844300322C85 /* TOSampleViewController.h */ = {isa = PBXFileReference; fileEncoding = 4; lastKnownFileType = sourcecode.c.h; path = TOSampleViewController.h; sourceTree = "<group>"; };
		96EDDB9C1787844300322C85 /* TOSampleViewController.m */ = {isa = PBXFileReference; fileEncoding = 4; lastKnownFileType = sourcecode.c.objc; path = TOSampleViewController.m; sourceTree = "<group>"; };
		96EDDBA0178797F200322C85 /* TOClassUtil.h */ = {isa = PBXFileReference; fileEncoding = 4; lastKnownFileType = sourcecode.c.h; path = TOClassUtil.h; sourceTree = "<group>"; };
		96EDDBA1178797F200322C85 /* TOClassUtil.m */ = {isa = PBXFileReference; fileEncoding = 4; lastKnownFileType = sourcecode.c.objc; path = TOClassUtil.m; sourceTree = "<group>"; };
		96EDDBA41787A4A400322C85 /* TOWidgetExampleViewController.h */ = {isa = PBXFileReference; fileEncoding = 4; lastKnownFileType = sourcecode.c.h; path = TOWidgetExampleViewController.h; sourceTree = "<group>"; };
		96EDDBA51787A4A400322C85 /* TOWidgetExampleViewController.m */ = {isa = PBXFileReference; fileEncoding = 4; lastKnownFileType = sourcecode.c.objc; path = TOWidgetExampleViewController.m; sourceTree = "<group>"; };
		96EDDBA81787A91E00322C85 /* TOWidgetDemoViewController.h */ = {isa = PBXFileReference; fileEncoding = 4; lastKnownFileType = sourcecode.c.h; path = TOWidgetDemoViewController.h; sourceTree = "<group>"; };
		96EDDBA91787A91E00322C85 /* TOWidgetDemoViewController.m */ = {isa = PBXFileReference; fileEncoding = 4; lastKnownFileType = sourcecode.c.objc; path = TOWidgetDemoViewController.m; sourceTree = "<group>"; };
/* End PBXFileReference section */

/* Begin PBXFrameworksBuildPhase section */
		96CDF3741783DBD0003AA83F /* Frameworks */ = {
			isa = PBXFrameworksBuildPhase;
			buildActionMask = 2147483647;
			files = (
				96CDF4AE1783F25A003AA83F /* MobileCoreServices.framework in Frameworks */,
				96CDF4AB1783F220003AA83F /* MessageUI.framework in Frameworks */,
				96CDF4AC1783F220003AA83F /* QuartzCore.framework in Frameworks */,
				96CDF37B1783DBD0003AA83F /* UIKit.framework in Frameworks */,
				96CDF37D1783DBD0003AA83F /* Foundation.framework in Frameworks */,
				96CDF37F1783DBD0003AA83F /* CoreGraphics.framework in Frameworks */,
			);
			runOnlyForDeploymentPostprocessing = 0;
		};
		96CDF39C1783DBD0003AA83F /* Frameworks */ = {
			isa = PBXFrameworksBuildPhase;
			buildActionMask = 2147483647;
			files = (
				96CDF3A21783DBD0003AA83F /* SenTestingKit.framework in Frameworks */,
				96CDF3A31783DBD0003AA83F /* UIKit.framework in Frameworks */,
				96CDF3A41783DBD0003AA83F /* Foundation.framework in Frameworks */,
			);
			runOnlyForDeploymentPostprocessing = 0;
		};
/* End PBXFrameworksBuildPhase section */

/* Begin PBXGroup section */
		96CDF36E1783DBD0003AA83F = {
			isa = PBXGroup;
			children = (
				96CDF3DC1783DD70003AA83F /* LICENSE.md */,
				96CDF3DD1783DD70003AA83F /* README.md */,
				96CDF3DE1783DD70003AA83F /* TumbleOnUtils.podspec */,
				96EDDB16178782B600322C85 /* TumbleOnUtils */,
				96EDDB51178782B600322C85 /* TumbleOnUtilsDemo */,
				96CDF3A71783DBD0003AA83F /* TumbleOnUtilsTests */,
				96CDF3B81783DC9C003AA83F /* Etc */,
			);
			sourceTree = "<group>";
		};
		96CDF3791783DBD0003AA83F /* Frameworks */ = {
			isa = PBXGroup;
			children = (
				96CDF37E1783DBD0003AA83F /* CoreGraphics.framework */,
				96CDF37C1783DBD0003AA83F /* Foundation.framework */,
				96CDF4A91783F21F003AA83F /* MessageUI.framework */,
				96CDF4AD1783F25A003AA83F /* MobileCoreServices.framework */,
				96CDF4AA1783F220003AA83F /* QuartzCore.framework */,
				96CDF3A11783DBD0003AA83F /* SenTestingKit.framework */,
				96CDF37A1783DBD0003AA83F /* UIKit.framework */,
			);
			name = Frameworks;
			sourceTree = "<group>";
		};
		96CDF3811783DBD0003AA83F /* Supporting Files */ = {
			isa = PBXGroup;
			children = (
				96EDDB9F1787847500322C85 /* TumbleOnUtilsTests */,
				96EDDB9E1787846800322C85 /* TumbleOnUtilsDemo */,
			);
			name = "Supporting Files";
			path = TumbleOnUtils;
			sourceTree = "<group>";
		};
		96CDF3A71783DBD0003AA83F /* TumbleOnUtilsTests */ = {
			isa = PBXGroup;
			children = (
				96CDF3AD1783DBD0003AA83F /* TumbleOnUtilsTests.h */,
				96CDF3AE1783DBD0003AA83F /* TumbleOnUtilsTests.m */,
			);
			path = TumbleOnUtilsTests;
			sourceTree = "<group>";
		};
		96CDF3B81783DC9C003AA83F /* Etc */ = {
			isa = PBXGroup;
			children = (
				96CDF3791783DBD0003AA83F /* Frameworks */,
				96CDF3811783DBD0003AA83F /* Supporting Files */,
			);
			name = Etc;
			sourceTree = "<group>";
		};
		96EDDB16178782B600322C85 /* TumbleOnUtils */ = {
			isa = PBXGroup;
			children = (
				96EDDB17178782B600322C85 /* Data Structures */,
				96EDDB26178782B600322C85 /* Misc */,
				96EDDB2F178782B600322C85 /* TumbleOnUtils.h */,
				96EDDB30178782B600322C85 /* UIKit */,
				96EDDB3F178782B600322C85 /* Widgets */,
			);
			path = TumbleOnUtils;
			sourceTree = "<group>";
		};
		96EDDB17178782B600322C85 /* Data Structures */ = {
			isa = PBXGroup;
			children = (
				96EDDB18178782B600322C85 /* Foundation+TO.h */,
				96EDDB19178782B600322C85 /* Foundation+TO.m */,
				96EDDB1A178782B600322C85 /* Foundation+TONilSafe.h */,
				96EDDB1B178782B600322C85 /* Foundation+TONilSafe.m */,
				96EDDB1C178782B600322C85 /* NSCollections+TO.h */,
				96EDDB1D178782B600322C85 /* NSCollections+TO.m */,
				96EDDB1E178782B600322C85 /* TOGrid.h */,
				96EDDB1F178782B600322C85 /* TOGrid.m */,
				96EDDB20178782B600322C85 /* TOLinkedList.h */,
				96EDDB21178782B600322C85 /* TOLinkedList.m */,
				96EDDB22178782B600322C85 /* TOOperationManager.h */,
				96EDDB23178782B600322C85 /* TOOperationManager.m */,
				96EDDB24178782B600322C85 /* TOWrappers.h */,
				96EDDB25178782B600322C85 /* TOWrappers.m */,
			);
			path = "Data Structures";
			sourceTree = "<group>";
		};
		96EDDB26178782B600322C85 /* Misc */ = {
			isa = PBXGroup;
			children = (
				96EDDBA0178797F200322C85 /* TOClassUtil.h */,
				96EDDBA1178797F200322C85 /* TOClassUtil.m */,
				96EDDB27178782B600322C85 /* TOFileUtil.h */,
				96EDDB28178782B600322C85 /* TOFileUtil.m */,
				96EDDB29178782B600322C85 /* TOSimpleImagePicker.h */,
				96EDDB2A178782B600322C85 /* TOSimpleImagePicker.m */,
				96EDDB2B178782B600322C85 /* TOSimpleMailer.h */,
				96EDDB2C178782B600322C85 /* TOSimpleMailer.m */,
				96EDDB2D178782B600322C85 /* UIImage+TO.h */,
				96EDDB2E178782B600322C85 /* UIImage+TO.m */,
			);
			path = Misc;
			sourceTree = "<group>";
		};
		96EDDB30178782B600322C85 /* UIKit */ = {
			isa = PBXGroup;
			children = (
				96EDDB31178782B600322C85 /* TOFrameUtils.h */,
				96EDDB32178782B600322C85 /* TOFrameUtils.m */,
				96EDDB33178782B600322C85 /* TOSimpleTableView.h */,
				96EDDB34178782B600322C85 /* TOSimpleTableView.m */,
				96EDDB35178782B600322C85 /* TOUIKeyboardListener.h */,
				96EDDB36178782B600322C85 /* TOUIKeyboardListener.m */,
				96EDDB37178782B600322C85 /* UIKit+TO.h */,
				96EDDB38178782B600322C85 /* UIKit+TO.m */,
				96EDDB39178782B600322C85 /* UIView+TOFrameUtils.h */,
				96EDDB3A178782B600322C85 /* UIView+TOFrameUtils.m */,
				96EDDB3B178782B600322C85 /* UIViewController+TO.h */,
				96EDDB3C178782B600322C85 /* UIViewController+TO.m */,
				96EDDB3D178782B600322C85 /* UIWebView+TOClean.h */,
				96EDDB3E178782B600322C85 /* UIWebView+TOClean.m */,
			);
			path = UIKit;
			sourceTree = "<group>";
		};
		96EDDB3F178782B600322C85 /* Widgets */ = {
			isa = PBXGroup;
			children = (
				96EDDB40178782B600322C85 /* TOBorderView.h */,
				96EDDB41178782B600322C85 /* TOBorderView.m */,
				96EDDB42178782B600322C85 /* TOCurrencyTextField.h */,
				96EDDB43178782B600322C85 /* TOCurrencyTextField.m */,
				96EDDB44178782B600322C85 /* TODatePickerViewController.h */,
				96EDDB45178782B600322C85 /* TODatePickerViewController.m */,
				96EDDB46178782B600322C85 /* TODatePickerViewController.xib */,
				96EDDB47178782B600322C85 /* TOListPickAddViewController.h */,
				96EDDB48178782B600322C85 /* TOListPickAddViewController.m */,
				96EDDB49178782B600322C85 /* TOListPickAddViewController.xib */,
				96EDDB4A178782B600322C85 /* TOListPickerViewController.h */,
				96EDDB4B178782B600322C85 /* TOListPickerViewController.m */,
				96EDDB4C178782B600322C85 /* TOListPickerViewController.xib */,
				96EDDB4D178782B600322C85 /* TOTouchDelegatorView.h */,
				96EDDB4E178782B600322C85 /* TOTouchDelegatorView.m */,
				96EDDBA41787A4A400322C85 /* TOWidgetExampleViewController.h */,
				96EDDBA51787A4A400322C85 /* TOWidgetExampleViewController.m */,
				96EDDB4F178782B600322C85 /* UIKit+TOFlashing.h */,
				96EDDB50178782B600322C85 /* UIKit+TOFlashing.m */,
			);
			path = Widgets;
			sourceTree = "<group>";
		};
		96EDDB51178782B600322C85 /* TumbleOnUtilsDemo */ = {
			isa = PBXGroup;
			children = (
				96EDDB52178782B600322C85 /* TOOperationManagerExample.h */,
				96EDDB53178782B600322C85 /* TOOperationManagerExample.m */,
				96EDDB9B1787844300322C85 /* TOSampleViewController.h */,
				96EDDB9C1787844300322C85 /* TOSampleViewController.m */,
				96EDDB59178782B600322C85 /* TOSimpleTableViewExample.h */,
				96EDDB5A178782B600322C85 /* TOSimpleTableViewExample.m */,
				96EDDBA81787A91E00322C85 /* TOWidgetDemoViewController.h */,
				96EDDBA91787A91E00322C85 /* TOWidgetDemoViewController.m */,
			);
			path = TumbleOnUtilsDemo;
			sourceTree = "<group>";
		};
		96EDDB9E1787846800322C85 /* TumbleOnUtilsDemo */ = {
			isa = PBXGroup;
			children = (
				96CDF3771783DBD0003AA83F /* TumbleOnUtilsDemo.app */,
				96EDDB58178782B600322C85 /* TOSample-main.m */,
				96EDDB54178782B600322C85 /* TOSampleAppDelegate.h */,
				96EDDB55178782B600322C85 /* TOSampleAppDelegate.m */,
				96EDDB5B178782B600322C85 /* TumbleOnUtils-Info.plist */,
				96EDDB5C178782B600322C85 /* TumbleOnUtils-Prefix.pch */,
			);
			name = TumbleOnUtilsDemo;
			sourceTree = "<group>";
		};
		96EDDB9F1787847500322C85 /* TumbleOnUtilsTests */ = {
			isa = PBXGroup;
			children = (
				96CDF3A91783DBD0003AA83F /* TumbleOnUtilsTests-Info.plist */,
				96CDF3AA1783DBD0003AA83F /* InfoPlist.strings */,
				96CDF3A01783DBD0003AA83F /* TumbleOnUtilsTests.octest */,
			);
			name = TumbleOnUtilsTests;
			sourceTree = "<group>";
		};
/* End PBXGroup section */

/* Begin PBXNativeTarget section */
		96CDF3761783DBD0003AA83F /* TumbleOnUtilsDemo */ = {
			isa = PBXNativeTarget;
			buildConfigurationList = 96CDF3B21783DBD0003AA83F /* Build configuration list for PBXNativeTarget "TumbleOnUtilsDemo" */;
			buildPhases = (
				96CDF3731783DBD0003AA83F /* Sources */,
				96CDF3741783DBD0003AA83F /* Frameworks */,
				96CDF3751783DBD0003AA83F /* Resources */,
			);
			buildRules = (
			);
			dependencies = (
			);
			name = TumbleOnUtilsDemo;
			productName = TumbleOnUtils;
			productReference = 96CDF3771783DBD0003AA83F /* TumbleOnUtilsDemo.app */;
			productType = "com.apple.product-type.application";
		};
		96CDF39F1783DBD0003AA83F /* TumbleOnUtilsTests */ = {
			isa = PBXNativeTarget;
			buildConfigurationList = 96CDF3B51783DBD0003AA83F /* Build configuration list for PBXNativeTarget "TumbleOnUtilsTests" */;
			buildPhases = (
				96CDF39B1783DBD0003AA83F /* Sources */,
				96CDF39C1783DBD0003AA83F /* Frameworks */,
				96CDF39D1783DBD0003AA83F /* Resources */,
				96CDF39E1783DBD0003AA83F /* ShellScript */,
			);
			buildRules = (
			);
			dependencies = (
				96CDF3A61783DBD0003AA83F /* PBXTargetDependency */,
			);
			name = TumbleOnUtilsTests;
			productName = TumbleOnUtilsTests;
			productReference = 96CDF3A01783DBD0003AA83F /* TumbleOnUtilsTests.octest */;
			productType = "com.apple.product-type.bundle";
		};
/* End PBXNativeTarget section */

/* Begin PBXProject section */
		96CDF36F1783DBD0003AA83F /* Project object */ = {
			isa = PBXProject;
			attributes = {
				LastUpgradeCheck = 0460;
				ORGANIZATIONNAME = "Jason Baker";
			};
			buildConfigurationList = 96CDF3721783DBD0003AA83F /* Build configuration list for PBXProject "TumbleOnUtils" */;
			compatibilityVersion = "Xcode 3.2";
			developmentRegion = English;
			hasScannedForEncodings = 0;
			knownRegions = (
				en,
			);
			mainGroup = 96CDF36E1783DBD0003AA83F;
			productRefGroup = 96CDF36E1783DBD0003AA83F;
			projectDirPath = "";
			projectRoot = "";
			targets = (
				96CDF3761783DBD0003AA83F /* TumbleOnUtilsDemo */,
				96CDF39F1783DBD0003AA83F /* TumbleOnUtilsTests */,
			);
		};
/* End PBXProject section */

/* Begin PBXResourcesBuildPhase section */
		96CDF3751783DBD0003AA83F /* Resources */ = {
			isa = PBXResourcesBuildPhase;
			buildActionMask = 2147483647;
			files = (
				96CDF3DF1783DD70003AA83F /* LICENSE.md in Resources */,
				96CDF3E01783DD70003AA83F /* README.md in Resources */,
				96CDF3E11783DD70003AA83F /* TumbleOnUtils.podspec in Resources */,
				96EDDB72178782B600322C85 /* TODatePickerViewController.xib in Resources */,
				96EDDB74178782B600322C85 /* TOListPickAddViewController.xib in Resources */,
				96EDDB76178782B600322C85 /* TOListPickerViewController.xib in Resources */,
				96EDDB7E178782B600322C85 /* TumbleOnUtils-Info.plist in Resources */,
			);
			runOnlyForDeploymentPostprocessing = 0;
		};
		96CDF39D1783DBD0003AA83F /* Resources */ = {
			isa = PBXResourcesBuildPhase;
			buildActionMask = 2147483647;
			files = (
				96CDF3AC1783DBD0003AA83F /* InfoPlist.strings in Resources */,
				96EDDB941787830200322C85 /* TODatePickerViewController.xib in Resources */,
				96EDDB961787830200322C85 /* TOListPickAddViewController.xib in Resources */,
				96EDDB981787830200322C85 /* TOListPickerViewController.xib in Resources */,
			);
			runOnlyForDeploymentPostprocessing = 0;
		};
/* End PBXResourcesBuildPhase section */

/* Begin PBXShellScriptBuildPhase section */
		96CDF39E1783DBD0003AA83F /* ShellScript */ = {
			isa = PBXShellScriptBuildPhase;
			buildActionMask = 2147483647;
			files = (
			);
			inputPaths = (
			);
			outputPaths = (
			);
			runOnlyForDeploymentPostprocessing = 0;
			shellPath = /bin/sh;
			shellScript = "# Run the unit tests in this test bundle.\n\"${SYSTEM_DEVELOPER_DIR}/Tools/RunUnitTests\"\n";
		};
/* End PBXShellScriptBuildPhase section */

/* Begin PBXSourcesBuildPhase section */
		96CDF3731783DBD0003AA83F /* Sources */ = {
			isa = PBXSourcesBuildPhase;
			buildActionMask = 2147483647;
			files = (
				96EDDB5D178782B600322C85 /* Foundation+TO.m in Sources */,
				96EDDB5E178782B600322C85 /* Foundation+TONilSafe.m in Sources */,
				96EDDB5F178782B600322C85 /* NSCollections+TO.m in Sources */,
				96EDDB60178782B600322C85 /* TOGrid.m in Sources */,
				96EDDB61178782B600322C85 /* TOLinkedList.m in Sources */,
				96EDDB62178782B600322C85 /* TOOperationManager.m in Sources */,
				96EDDB63178782B600322C85 /* TOWrappers.m in Sources */,
				96EDDB64178782B600322C85 /* TOFileUtil.m in Sources */,
				96EDDB65178782B600322C85 /* TOSimpleImagePicker.m in Sources */,
				96EDDB66178782B600322C85 /* TOSimpleMailer.m in Sources */,
				96EDDB67178782B600322C85 /* UIImage+TO.m in Sources */,
				96EDDB68178782B600322C85 /* TOFrameUtils.m in Sources */,
				96EDDB69178782B600322C85 /* TOSimpleTableView.m in Sources */,
				96EDDB6A178782B600322C85 /* TOUIKeyboardListener.m in Sources */,
				96EDDB6B178782B600322C85 /* UIKit+TO.m in Sources */,
				96EDDB6C178782B600322C85 /* UIView+TOFrameUtils.m in Sources */,
				96EDDB6D178782B600322C85 /* UIViewController+TO.m in Sources */,
				96EDDB6E178782B600322C85 /* UIWebView+TOClean.m in Sources */,
				96EDDB6F178782B600322C85 /* TOBorderView.m in Sources */,
				96EDDB70178782B600322C85 /* TOCurrencyTextField.m in Sources */,
				96EDDB71178782B600322C85 /* TODatePickerViewController.m in Sources */,
				96EDDB73178782B600322C85 /* TOListPickAddViewController.m in Sources */,
				96EDDB75178782B600322C85 /* TOListPickerViewController.m in Sources */,
				96EDDB77178782B600322C85 /* TOTouchDelegatorView.m in Sources */,
				96EDDB78178782B600322C85 /* UIKit+TOFlashing.m in Sources */,
				96EDDB79178782B600322C85 /* TOOperationManagerExample.m in Sources */,
				96EDDB7A178782B600322C85 /* TOSampleAppDelegate.m in Sources */,
				96EDDB7C178782B600322C85 /* TOSample-main.m in Sources */,
				96EDDB7D178782B600322C85 /* TOSimpleTableViewExample.m in Sources */,
				96EDDB9D1787844300322C85 /* TOSampleViewController.m in Sources */,
				96EDDBA2178797F300322C85 /* TOClassUtil.m in Sources */,
				96EDDBA61787A4A500322C85 /* TOWidgetExampleViewController.m in Sources */,
				96EDDBAA1787A91E00322C85 /* TOWidgetDemoViewController.m in Sources */,
			);
			runOnlyForDeploymentPostprocessing = 0;
		};
		96CDF39B1783DBD0003AA83F /* Sources */ = {
			isa = PBXSourcesBuildPhase;
			buildActionMask = 2147483647;
			files = (
				96CDF3AF1783DBD0003AA83F /* TumbleOnUtilsTests.m in Sources */,
				96EDDB7F178782D600322C85 /* Foundation+TO.m in Sources */,
				96EDDB80178782DE00322C85 /* Foundation+TONilSafe.m in Sources */,
				96EDDB81178782DE00322C85 /* NSCollections+TO.m in Sources */,
				96EDDB82178782DE00322C85 /* TOGrid.m in Sources */,
				96EDDB83178782DE00322C85 /* TOLinkedList.m in Sources */,
				96EDDB84178782DE00322C85 /* TOOperationManager.m in Sources */,
				96EDDB85178782DE00322C85 /* TOWrappers.m in Sources */,
				96EDDB86178782E600322C85 /* TOFileUtil.m in Sources */,
				96EDDB87178782E600322C85 /* TOSimpleImagePicker.m in Sources */,
				96EDDB88178782E600322C85 /* TOSimpleMailer.m in Sources */,
				96EDDB89178782E600322C85 /* UIImage+TO.m in Sources */,
				96EDDB8A178782F300322C85 /* TOFrameUtils.m in Sources */,
				96EDDB8B178782F300322C85 /* TOSimpleTableView.m in Sources */,
				96EDDB8C178782F300322C85 /* TOUIKeyboardListener.m in Sources */,
				96EDDB8D178782F300322C85 /* UIKit+TO.m in Sources */,
				96EDDB8E178782F300322C85 /* UIView+TOFrameUtils.m in Sources */,
				96EDDB8F178782F300322C85 /* UIViewController+TO.m in Sources */,
				96EDDB90178782F300322C85 /* UIWebView+TOClean.m in Sources */,
				96EDDB911787830200322C85 /* TOBorderView.m in Sources */,
				96EDDB921787830200322C85 /* TOCurrencyTextField.m in Sources */,
				96EDDB931787830200322C85 /* TODatePickerViewController.m in Sources */,
				96EDDB951787830200322C85 /* TOListPickAddViewController.m in Sources */,
				96EDDB971787830200322C85 /* TOListPickerViewController.m in Sources */,
				96EDDB991787830200322C85 /* TOTouchDelegatorView.m in Sources */,
				96EDDB9A1787830200322C85 /* UIKit+TOFlashing.m in Sources */,
				96EDDBA3178797F300322C85 /* TOClassUtil.m in Sources */,
				96EDDBA71787A4A500322C85 /* TOWidgetExampleViewController.m in Sources */,
				96EDDBAB1787A91E00322C85 /* TOWidgetDemoViewController.m in Sources */,
			);
			runOnlyForDeploymentPostprocessing = 0;
		};
/* End PBXSourcesBuildPhase section */

/* Begin PBXTargetDependency section */
		96CDF3A61783DBD0003AA83F /* PBXTargetDependency */ = {
			isa = PBXTargetDependency;
			target = 96CDF3761783DBD0003AA83F /* TumbleOnUtilsDemo */;
			targetProxy = 96CDF3A51783DBD0003AA83F /* PBXContainerItemProxy */;
		};
/* End PBXTargetDependency section */

/* Begin PBXVariantGroup section */
		96CDF3AA1783DBD0003AA83F /* InfoPlist.strings */ = {
			isa = PBXVariantGroup;
			children = (
				96CDF3AB1783DBD0003AA83F /* en */,
			);
			name = InfoPlist.strings;
			path = TumbleOnUtilsTests;
			sourceTree = SOURCE_ROOT;
		};
/* End PBXVariantGroup section */

/* Begin XCBuildConfiguration section */
		96CDF3B01783DBD0003AA83F /* Debug */ = {
			isa = XCBuildConfiguration;
			buildSettings = {
				ALWAYS_SEARCH_USER_PATHS = NO;
				CLANG_CXX_LANGUAGE_STANDARD = "gnu++0x";
				CLANG_CXX_LIBRARY = "libc++";
				CLANG_ENABLE_OBJC_ARC = YES;
				CLANG_WARN_CONSTANT_CONVERSION = YES;
				CLANG_WARN_EMPTY_BODY = YES;
				CLANG_WARN_ENUM_CONVERSION = YES;
				CLANG_WARN_INT_CONVERSION = YES;
				CLANG_WARN__DUPLICATE_METHOD_MATCH = YES;
				"CODE_SIGN_IDENTITY[sdk=iphoneos*]" = "iPhone Developer";
				COPY_PHASE_STRIP = NO;
				GCC_C_LANGUAGE_STANDARD = gnu99;
				GCC_DYNAMIC_NO_PIC = NO;
				GCC_OPTIMIZATION_LEVEL = 0;
				GCC_PREPROCESSOR_DEFINITIONS = (
					"DEBUG=1",
					"$(inherited)",
				);
				GCC_SYMBOLS_PRIVATE_EXTERN = NO;
				GCC_WARN_ABOUT_RETURN_TYPE = YES;
				GCC_WARN_UNINITIALIZED_AUTOS = YES;
				GCC_WARN_UNUSED_VARIABLE = YES;
				IPHONEOS_DEPLOYMENT_TARGET = 6.1;
				ONLY_ACTIVE_ARCH = YES;
				SDKROOT = iphoneos;
				TARGETED_DEVICE_FAMILY = "1,2";
			};
			name = Debug;
		};
		96CDF3B11783DBD0003AA83F /* Release */ = {
			isa = XCBuildConfiguration;
			buildSettings = {
				ALWAYS_SEARCH_USER_PATHS = NO;
				CLANG_CXX_LANGUAGE_STANDARD = "gnu++0x";
				CLANG_CXX_LIBRARY = "libc++";
				CLANG_ENABLE_OBJC_ARC = YES;
				CLANG_WARN_CONSTANT_CONVERSION = YES;
				CLANG_WARN_EMPTY_BODY = YES;
				CLANG_WARN_ENUM_CONVERSION = YES;
				CLANG_WARN_INT_CONVERSION = YES;
				CLANG_WARN__DUPLICATE_METHOD_MATCH = YES;
				"CODE_SIGN_IDENTITY[sdk=iphoneos*]" = "iPhone Developer";
				COPY_PHASE_STRIP = YES;
				GCC_C_LANGUAGE_STANDARD = gnu99;
				GCC_WARN_ABOUT_RETURN_TYPE = YES;
				GCC_WARN_UNINITIALIZED_AUTOS = YES;
				GCC_WARN_UNUSED_VARIABLE = YES;
				IPHONEOS_DEPLOYMENT_TARGET = 6.1;
				OTHER_CFLAGS = "-DNS_BLOCK_ASSERTIONS=1";
				SDKROOT = iphoneos;
				TARGETED_DEVICE_FAMILY = "1,2";
				VALIDATE_PRODUCT = YES;
			};
			name = Release;
		};
		96CDF3B31783DBD0003AA83F /* Debug */ = {
			isa = XCBuildConfiguration;
			buildSettings = {
				GCC_PRECOMPILE_PREFIX_HEADER = YES;
				GCC_PREFIX_HEADER = "TumbleOnUtilsDemo/TumbleOnUtils-Prefix.pch";
				INFOPLIST_FILE = "TumbleOnUtilsDemo/TumbleOnUtils-Info.plist";
				PRODUCT_NAME = "$(TARGET_NAME)";
				TARGETED_DEVICE_FAMILY = 1;
				WRAPPER_EXTENSION = app;
			};
			name = Debug;
		};
		96CDF3B41783DBD0003AA83F /* Release */ = {
			isa = XCBuildConfiguration;
			buildSettings = {
				GCC_PRECOMPILE_PREFIX_HEADER = YES;
				GCC_PREFIX_HEADER = "TumbleOnUtilsDemo/TumbleOnUtils-Prefix.pch";
				INFOPLIST_FILE = "TumbleOnUtilsDemo/TumbleOnUtils-Info.plist";
				PRODUCT_NAME = "$(TARGET_NAME)";
				TARGETED_DEVICE_FAMILY = 1;
				WRAPPER_EXTENSION = app;
			};
			name = Release;
		};
		96CDF3B61783DBD0003AA83F /* Debug */ = {
			isa = XCBuildConfiguration;
			buildSettings = {
				BUNDLE_LOADER = "$(BUILT_PRODUCTS_DIR)/TumbleOnUtils.app/TumbleOnUtils";
				FRAMEWORK_SEARCH_PATHS = (
					"\"$(SDKROOT)/Developer/Library/Frameworks\"",
					"\"$(DEVELOPER_LIBRARY_DIR)/Frameworks\"",
				);
				GCC_PRECOMPILE_PREFIX_HEADER = YES;
				GCC_PREFIX_HEADER = "TumbleOnUtils/TumbleOnUtils-Prefix.pch";
				INFOPLIST_FILE = "TumbleOnUtilsTests/TumbleOnUtilsTests-Info.plist";
				PRODUCT_NAME = "$(TARGET_NAME)";
				TEST_HOST = "$(BUNDLE_LOADER)";
				WRAPPER_EXTENSION = octest;
			};
			name = Debug;
		};
		96CDF3B71783DBD0003AA83F /* Release */ = {
			isa = XCBuildConfiguration;
			buildSettings = {
				BUNDLE_LOADER = "$(BUILT_PRODUCTS_DIR)/TumbleOnUtils.app/TumbleOnUtils";
				FRAMEWORK_SEARCH_PATHS = (
					"\"$(SDKROOT)/Developer/Library/Frameworks\"",
					"\"$(DEVELOPER_LIBRARY_DIR)/Frameworks\"",
				);
				GCC_PRECOMPILE_PREFIX_HEADER = YES;
				GCC_PREFIX_HEADER = "TumbleOnUtils/TumbleOnUtils-Prefix.pch";
				INFOPLIST_FILE = "TumbleOnUtilsTests/TumbleOnUtilsTests-Info.plist";
				PRODUCT_NAME = "$(TARGET_NAME)";
				TEST_HOST = "$(BUNDLE_LOADER)";
				WRAPPER_EXTENSION = octest;
			};
			name = Release;
		};
/* End XCBuildConfiguration section */

/* Begin XCConfigurationList section */
		96CDF3721783DBD0003AA83F /* Build configuration list for PBXProject "TumbleOnUtils" */ = {
			isa = XCConfigurationList;
			buildConfigurations = (
				96CDF3B01783DBD0003AA83F /* Debug */,
				96CDF3B11783DBD0003AA83F /* Release */,
			);
			defaultConfigurationIsVisible = 0;
			defaultConfigurationName = Release;
		};
		96CDF3B21783DBD0003AA83F /* Build configuration list for PBXNativeTarget "TumbleOnUtilsDemo" */ = {
			isa = XCConfigurationList;
			buildConfigurations = (
				96CDF3B31783DBD0003AA83F /* Debug */,
				96CDF3B41783DBD0003AA83F /* Release */,
			);
			defaultConfigurationIsVisible = 0;
			defaultConfigurationName = Release;
		};
		96CDF3B51783DBD0003AA83F /* Build configuration list for PBXNativeTarget "TumbleOnUtilsTests" */ = {
			isa = XCConfigurationList;
			buildConfigurations = (
				96CDF3B61783DBD0003AA83F /* Debug */,
				96CDF3B71783DBD0003AA83F /* Release */,
			);
			defaultConfigurationIsVisible = 0;
			defaultConfigurationName = Release;
		};
/* End XCConfigurationList section */
	};
	rootObject = 96CDF36F1783DBD0003AA83F /* Project object */;
}
